
Microsoft Visual Studio Solution File, Format Version 12.00
# Visual Studio Version 17
VisualStudioVersion = 17.1.32407.343
MinimumVisualStudioVersion = 10.0.40219.1
Project("{FAE04EC0-301F-11D3-BF4B-00C04F79EFBC}") = "Overlord Warden", "Overlord Warden\Overlord Warden.csproj", "{89E005F7-9D2A-4CC7-94F0-2D59A3518A87}"
EndProject
Global
	GlobalSection(SolutionConfigurationPlatforms) = preSolution
		Debug|Any CPU = Debug|Any CPU
		Release|Any CPU = Release|Any CPU
	EndGlobalSection
	GlobalSection(ProjectConfigurationPlatforms) = postSolution
		{89E005F7-9D2A-4CC7-94F0-2D59A3518A87}.Debug|Any CPU.ActiveCfg = Debug|Any CPU
		{89E005F7-9D2A-4CC7-94F0-2D59A3518A87}.Debug|Any CPU.Build.0 = Debug|Any CPU
		{89E005F7-9D2A-4CC7-94F0-2D59A3518A87}.Release|Any CPU.ActiveCfg = Release|Any CPU
		{89E005F7-9D2A-4CC7-94F0-2D59A3518A87}.Release|Any CPU.Build.0 = Release|Any CPU
	EndGlobalSection
	GlobalSection(SolutionProperties) = preSolution
		HideSolutionNode = FALSE
	EndGlobalSection
	GlobalSection(ExtensibilityGlobals) = postSolution
		SolutionGuid = {69F01AC9-8682-43B6-B34A-09679B590571}
	EndGlobalSection
EndGlobal
